
Microsoft Visual Studio Solution File, Format Version 12.00
# Visual Studio 15
VisualStudioVersion = 15.0.27703.2042
MinimumVisualStudioVersion = 10.0.40219.1
Project("{8BC9CEB8-8B4A-11D0-8D11-00A0C91BC942}") = "Dynamic Name box", "Dynamic Name box\Dynamic Name box.vcxproj", "{B5CAED09-8DF9-476C-A43F-794DD1D32DA8}"
EndProject
Project("{8BC9CEB8-8B4A-11D0-8D11-00A0C91BC942}") = "Variables and Types", "Variables and Types\Variables and Types.vcxproj", "{BC847F8D-9D37-42BE-A01E-D2522D11E380}"
EndProject
Global
	GlobalSection(SolutionConfigurationPlatforms) = preSolution
		Debug|x64 = Debug|x64
		Debug|x86 = Debug|x86
		Release|x64 = Release|x64
		Release|x86 = Release|x86
	EndGlobalSection
	GlobalSection(ProjectConfigurationPlatforms) = postSolution
		{B5CAED09-8DF9-476C-A43F-794DD1D32DA8}.Debug|x64.ActiveCfg = Debug|x64
		{B5CAED09-8DF9-476C-A43F-794DD1D32DA8}.Debug|x64.Build.0 = Debug|x64
		{B5CAED09-8DF9-476C-A43F-794DD1D32DA8}.Debug|x86.ActiveCfg = Debug|Win32
		{B5CAED09-8DF9-476C-A43F-794DD1D32DA8}.Debug|x86.Build.0 = Debug|Win32
		{B5CAED09-8DF9-476C-A43F-794DD1D32DA8}.Release|x64.ActiveCfg = Release|x64
		{B5CAED09-8DF9-476C-A43F-794DD1D32DA8}.Release|x64.Build.0 = Release|x64
		{B5CAED09-8DF9-476C-A43F-794DD1D32DA8}.Release|x86.ActiveCfg = Release|Win32
		{B5CAED09-8DF9-476C-A43F-794DD1D32DA8}.Release|x86.Build.0 = Release|Win32
		{BC847F8D-9D37-42BE-A01E-D2522D11E380}.Debug|x64.ActiveCfg = Debug|x64
		{BC847F8D-9D37-42BE-A01E-D2522D11E380}.Debug|x64.Build.0 = Debug|x64
		{BC847F8D-9D37-42BE-A01E-D2522D11E380}.Debug|x86.ActiveCfg = Debug|Win32
		{BC847F8D-9D37-42BE-A01E-D2522D11E380}.Debug|x86.Build.0 = Debug|Win32
		{BC847F8D-9D37-42BE-A01E-D2522D11E380}.Release|x64.ActiveCfg = Release|x64
		{BC847F8D-9D37-42BE-A01E-D2522D11E380}.Release|x64.Build.0 = Release|x64
		{BC847F8D-9D37-42BE-A01E-D2522D11E380}.Release|x86.ActiveCfg = Release|Win32
		{BC847F8D-9D37-42BE-A01E-D2522D11E380}.Release|x86.Build.0 = Release|Win32
	EndGlobalSection
	GlobalSection(SolutionProperties) = preSolution
		HideSolutionNode = FALSE
	EndGlobalSection
	GlobalSection(ExtensibilityGlobals) = postSolution
		SolutionGuid = {73E7EDBB-3A96-4BD3-B0F9-D2213FD9F5FE}
	EndGlobalSection
EndGlobal
